version: 1
sources:
  - owner: skill.git.agora
    type: git
    url: https://github.com/kelos-dev/agora.git
    ref: main
    subdir: skills
    resolved_ref: 04c1396476c8c8bd055bb3237fa70f434d43bc65
    content_sha256: sha256:0fbf8f92ea1516323420360ab84a8755da83175c627a219f3963c3e45152154e
  - owner: skill.git.kelos
    type: git
    url: https://github.com/kelos-dev/kelos.git
    ref: main
    subdir: skills
    resolved_ref: ab1d637a801c7c7887994f32fdfd35bce50584fd
    content_sha256: sha256:63f5c1bd8daea444c5d0a4340a159b853799235a8e1b379a327200465f3073da
